
Microsoft Visual Studio Solution File, Format Version 12.00
# Visual Studio Version 17
VisualStudioVersion = 17.8.34316.72
MinimumVisualStudioVersion = 10.0.40219.1
Project("{9A19103F-16F7-4668-BE54-9A1E7A4F7556}") = "StudentSystem.Server", "StudentSystem.Server\StudentSystem.Server.csproj", "{56907020-2B8A-4A20-869B-A01DB591653F}"
EndProject
Project("{9A19103F-16F7-4668-BE54-9A1E7A4F7556}") = "StudentSystem.Shared", "StudentSystem.Shared\StudentSystem.Shared.csproj", "{92A56F2F-A5ED-4BA8-9214-F1079B658E19}"
EndProject
Project("{9A19103F-16F7-4668-BE54-9A1E7A4F7556}") = "StudentSystem.Client", "StudentSystem.Client\StudentSystem.Client.csproj", "{0EB8F20A-2901-4001-AB17-D7EE8EFD7243}"
EndProject
Global
	GlobalSection(SolutionConfigurationPlatforms) = preSolution
		Debug|Any CPU = Debug|Any CPU
		Release|Any CPU = Release|Any CPU
	EndGlobalSection
	GlobalSection(ProjectConfigurationPlatforms) = postSolution
		{56907020-2B8A-4A20-869B-A01DB591653F}.Debug|Any CPU.ActiveCfg = Debug|Any CPU
		{56907020-2B8A-4A20-869B-A01DB591653F}.Debug|Any CPU.Build.0 = Debug|Any CPU
		{56907020-2B8A-4A20-869B-A01DB591653F}.Release|Any CPU.ActiveCfg = Release|Any CPU
		{56907020-2B8A-4A20-869B-A01DB591653F}.Release|Any CPU.Build.0 = Release|Any CPU
		{92A56F2F-A5ED-4BA8-9214-F1079B658E19}.Debug|Any CPU.ActiveCfg = Debug|Any CPU
		{92A56F2F-A5ED-4BA8-9214-F1079B658E19}.Debug|Any CPU.Build.0 = Debug|Any CPU
		{92A56F2F-A5ED-4BA8-9214-F1079B658E19}.Release|Any CPU.ActiveCfg = Release|Any CPU
		{92A56F2F-A5ED-4BA8-9214-F1079B658E19}.Release|Any CPU.Build.0 = Release|Any CPU
		{0EB8F20A-2901-4001-AB17-D7EE8EFD7243}.Debug|Any CPU.ActiveCfg = Debug|Any CPU
		{0EB8F20A-2901-4001-AB17-D7EE8EFD7243}.Debug|Any CPU.Build.0 = Debug|Any CPU
		{0EB8F20A-2901-4001-AB17-D7EE8EFD7243}.Release|Any CPU.ActiveCfg = Release|Any CPU
		{0EB8F20A-2901-4001-AB17-D7EE8EFD7243}.Release|Any CPU.Build.0 = Release|Any CPU
	EndGlobalSection
	GlobalSection(SolutionProperties) = preSolution
		HideSolutionNode = FALSE
	EndGlobalSection
	GlobalSection(ExtensibilityGlobals) = postSolution
		SolutionGuid = {AA574179-84FD-4E8C-87BD-A4EFB52BB0D3}
	EndGlobalSection
EndGlobal
